// !$*UTF8*$!
{
	archiveVersion = 1;
	classes = {
	};
	objectVersion = 50;
	objects = {

/* Begin PBXBuildFile section */
		2D38B5752441B6F400D9F248 /* AddGoalsVC.swift in Sources */ = {isa = PBXBuildFile; fileRef = 2D38B5742441B6F400D9F248 /* AddGoalsVC.swift */; };
		2DFB8099243F255C007B79DF /* DecorateCV.swift in Sources */ = {isa = PBXBuildFile; fileRef = 2DFB8098243F255C007B79DF /* DecorateCV.swift */; };
		2DFB809B243F264D007B79DF /* ViewControllerArchives.swift in Sources */ = {isa = PBXBuildFile; fileRef = 2DFB809A243F264D007B79DF /* ViewControllerArchives.swift */; };
		2DFB809D243F2AFA007B79DF /* ArchivesCellCV.swift in Sources */ = {isa = PBXBuildFile; fileRef = 2DFB809C243F2AFA007B79DF /* ArchivesCellCV.swift */; };
		9FCC9F77244301DB009FFC13 /* CollaboratorViewController.swift in Sources */ = {isa = PBXBuildFile; fileRef = 9FCC9F76244301DB009FFC13 /* CollaboratorViewController.swift */; };
		9FCC9F792443031B009FFC13 /* CollaboratorCell.swift in Sources */ = {isa = PBXBuildFile; fileRef = 9FCC9F782443031B009FFC13 /* CollaboratorCell.swift */; };
		AE10188C2440F97700DA8319 /* UITextField+InputView.swift in Sources */ = {isa = PBXBuildFile; fileRef = AE10188B2440F97700DA8319 /* UITextField+InputView.swift */; };
		AE84B24A243F1C5200E026E8 /* GoalDetailVC.swift in Sources */ = {isa = PBXBuildFile; fileRef = AE84B249243F1C5200E026E8 /* GoalDetailVC.swift */; };
		AE91EBD0243DBC9B0003C3D0 /* AppDelegate.swift in Sources */ = {isa = PBXBuildFile; fileRef = AE91EBCF243DBC9B0003C3D0 /* AppDelegate.swift */; };
		AE91EBD2243DBC9B0003C3D0 /* SceneDelegate.swift in Sources */ = {isa = PBXBuildFile; fileRef = AE91EBD1243DBC9B0003C3D0 /* SceneDelegate.swift */; };
		AE91EBD4243DBC9B0003C3D0 /* ViewControllerGoal.swift in Sources */ = {isa = PBXBuildFile; fileRef = AE91EBD3243DBC9B0003C3D0 /* ViewControllerGoal.swift */; };
		AE91EBD7243DBC9B0003C3D0 /* Main.storyboard in Resources */ = {isa = PBXBuildFile; fileRef = AE91EBD5243DBC9B0003C3D0 /* Main.storyboard */; };
		AE91EBD9243DBC9C0003C3D0 /* Assets.xcassets in Resources */ = {isa = PBXBuildFile; fileRef = AE91EBD8243DBC9C0003C3D0 /* Assets.xcassets */; };
		AE91EBDC243DBC9C0003C3D0 /* LaunchScreen.storyboard in Resources */ = {isa = PBXBuildFile; fileRef = AE91EBDA243DBC9C0003C3D0 /* LaunchScreen.storyboard */; };
		EAD16DFA243EF9C600B7470D /* EditProfileVC.swift in Sources */ = {isa = PBXBuildFile; fileRef = EAD16DF9243EF9C600B7470D /* EditProfileVC.swift */; };
		EAD16DFC243F065800B7470D /* ProfileVC.swift in Sources */ = {isa = PBXBuildFile; fileRef = EAD16DFB243F065800B7470D /* ProfileVC.swift */; };
		F57ECD79243E1F81005FF1B8 /* GoalsCellCollectionViewCell.swift in Sources */ = {isa = PBXBuildFile; fileRef = F57ECD78243E1F81005FF1B8 /* GoalsCellCollectionViewCell.swift */; };
		F5E6E5F4243E4ACC00D8A6B6 /* ViewControllerToDo.swift in Sources */ = {isa = PBXBuildFile; fileRef = F5E6E5F3243E4ACC00D8A6B6 /* ViewControllerToDo.swift */; };
/* End PBXBuildFile section */

/* Begin PBXFileReference section */
		2D38B5742441B6F400D9F248 /* AddGoalsVC.swift */ = {isa = PBXFileReference; lastKnownFileType = sourcecode.swift; path = AddGoalsVC.swift; sourceTree = "<group>"; };
		2DFB8098243F255C007B79DF /* DecorateCV.swift */ = {isa = PBXFileReference; lastKnownFileType = sourcecode.swift; path = DecorateCV.swift; sourceTree = "<group>"; };
		2DFB809A243F264D007B79DF /* ViewControllerArchives.swift */ = {isa = PBXFileReference; lastKnownFileType = sourcecode.swift; path = ViewControllerArchives.swift; sourceTree = "<group>"; };
		2DFB809C243F2AFA007B79DF /* ArchivesCellCV.swift */ = {isa = PBXFileReference; lastKnownFileType = sourcecode.swift; path = ArchivesCellCV.swift; sourceTree = "<group>"; };
		9FCC9F76244301DB009FFC13 /* CollaboratorViewController.swift */ = {isa = PBXFileReference; lastKnownFileType = sourcecode.swift; path = CollaboratorViewController.swift; sourceTree = "<group>"; };
		9FCC9F782443031B009FFC13 /* CollaboratorCell.swift */ = {isa = PBXFileReference; lastKnownFileType = sourcecode.swift; path = CollaboratorCell.swift; sourceTree = "<group>"; };
		AE10188B2440F97700DA8319 /* UITextField+InputView.swift */ = {isa = PBXFileReference; lastKnownFileType = sourcecode.swift; path = "UITextField+InputView.swift"; sourceTree = "<group>"; };
		AE84B249243F1C5200E026E8 /* GoalDetailVC.swift */ = {isa = PBXFileReference; lastKnownFileType = sourcecode.swift; path = GoalDetailVC.swift; sourceTree = "<group>"; };
		AE91EBCC243DBC9B0003C3D0 /* task-master.app */ = {isa = PBXFileReference; explicitFileType = wrapper.application; includeInIndex = 0; path = "task-master.app"; sourceTree = BUILT_PRODUCTS_DIR; };
		AE91EBCF243DBC9B0003C3D0 /* AppDelegate.swift */ = {isa = PBXFileReference; lastKnownFileType = sourcecode.swift; path = AppDelegate.swift; sourceTree = "<group>"; };
		AE91EBD1243DBC9B0003C3D0 /* SceneDelegate.swift */ = {isa = PBXFileReference; lastKnownFileType = sourcecode.swift; path = SceneDelegate.swift; sourceTree = "<group>"; };
		AE91EBD3243DBC9B0003C3D0 /* ViewControllerGoal.swift */ = {isa = PBXFileReference; lastKnownFileType = sourcecode.swift; path = ViewControllerGoal.swift; sourceTree = "<group>"; };
		AE91EBD6243DBC9B0003C3D0 /* Base */ = {isa = PBXFileReference; lastKnownFileType = file.storyboard; name = Base; path = Base.lproj/Main.storyboard; sourceTree = "<group>"; };
		AE91EBD8243DBC9C0003C3D0 /* Assets.xcassets */ = {isa = PBXFileReference; lastKnownFileType = folder.assetcatalog; path = Assets.xcassets; sourceTree = "<group>"; };
		AE91EBDB243DBC9C0003C3D0 /* Base */ = {isa = PBXFileReference; lastKnownFileType = file.storyboard; name = Base; path = Base.lproj/LaunchScreen.storyboard; sourceTree = "<group>"; };
		AE91EBDD243DBC9C0003C3D0 /* Info.plist */ = {isa = PBXFileReference; lastKnownFileType = text.plist.xml; path = Info.plist; sourceTree = "<group>"; };
		EAD16DF9243EF9C600B7470D /* EditProfileVC.swift */ = {isa = PBXFileReference; lastKnownFileType = sourcecode.swift; path = EditProfileVC.swift; sourceTree = "<group>"; };
		EAD16DFB243F065800B7470D /* ProfileVC.swift */ = {isa = PBXFileReference; lastKnownFileType = sourcecode.swift; path = ProfileVC.swift; sourceTree = "<group>"; };
		F57ECD78243E1F81005FF1B8 /* GoalsCellCollectionViewCell.swift */ = {isa = PBXFileReference; lastKnownFileType = sourcecode.swift; path = GoalsCellCollectionViewCell.swift; sourceTree = "<group>"; };
		F5E6E5F3243E4ACC00D8A6B6 /* ViewControllerToDo.swift */ = {isa = PBXFileReference; lastKnownFileType = sourcecode.swift; path = ViewControllerToDo.swift; sourceTree = "<group>"; };
/* End PBXFileReference section */

/* Begin PBXFrameworksBuildPhase section */
		AE91EBC9243DBC9B0003C3D0 /* Frameworks */ = {
			isa = PBXFrameworksBuildPhase;
			buildActionMask = 2147483647;
			files = (
			);
			runOnlyForDeploymentPostprocessing = 0;
		};
/* End PBXFrameworksBuildPhase section */

/* Begin PBXGroup section */
		AE91EBC3243DBC9B0003C3D0 = {
			isa = PBXGroup;
			children = (
				AE91EBCE243DBC9B0003C3D0 /* task-master */,
				AE91EBCD243DBC9B0003C3D0 /* Products */,
			);
			sourceTree = "<group>";
		};
		AE91EBCD243DBC9B0003C3D0 /* Products */ = {
			isa = PBXGroup;
			children = (
				AE91EBCC243DBC9B0003C3D0 /* task-master.app */,
			);
			name = Products;
			sourceTree = "<group>";
		};
		AE91EBCE243DBC9B0003C3D0 /* task-master */ = {
			isa = PBXGroup;
			children = (
				F57ECD78243E1F81005FF1B8 /* GoalsCellCollectionViewCell.swift */,
				2DFB809C243F2AFA007B79DF /* ArchivesCellCV.swift */,
				AE91EBCF243DBC9B0003C3D0 /* AppDelegate.swift */,
				AE91EBD1243DBC9B0003C3D0 /* SceneDelegate.swift */,
				AE91EBD3243DBC9B0003C3D0 /* ViewControllerGoal.swift */,
				2DFB809A243F264D007B79DF /* ViewControllerArchives.swift */,
				F5E6E5F3243E4ACC00D8A6B6 /* ViewControllerToDo.swift */,
				AE91EBD5243DBC9B0003C3D0 /* Main.storyboard */,
				9FCC9F76244301DB009FFC13 /* CollaboratorViewController.swift */,
				2DFB8098243F255C007B79DF /* DecorateCV.swift */,
				AE84B249243F1C5200E026E8 /* GoalDetailVC.swift */,
				2D38B5742441B6F400D9F248 /* AddGoalsVC.swift */,
				EAD16DFB243F065800B7470D /* ProfileVC.swift */,
				EAD16DF9243EF9C600B7470D /* EditProfileVC.swift */,
				AE91EBD8243DBC9C0003C3D0 /* Assets.xcassets */,
				AE91EBDA243DBC9C0003C3D0 /* LaunchScreen.storyboard */,
				AE91EBDD243DBC9C0003C3D0 /* Info.plist */,
				AE10188B2440F97700DA8319 /* UITextField+InputView.swift */,
				9FCC9F782443031B009FFC13 /* CollaboratorCell.swift */,
			);
			path = "task-master";
			sourceTree = "<group>";
		};
/* End PBXGroup section */

/* Begin PBXNativeTarget section */
		AE91EBCB243DBC9B0003C3D0 /* task-master */ = {
			isa = PBXNativeTarget;
			buildConfigurationList = AE91EBE0243DBC9C0003C3D0 /* Build configuration list for PBXNativeTarget "task-master" */;
			buildPhases = (
				AE91EBC8243DBC9B0003C3D0 /* Sources */,
				AE91EBC9243DBC9B0003C3D0 /* Frameworks */,
				AE91EBCA243DBC9B0003C3D0 /* Resources */,
			);
			buildRules = (
			);
			dependencies = (
			);
			name = "task-master";
			productName = "task-master";
			productReference = AE91EBCC243DBC9B0003C3D0 /* task-master.app */;
			productType = "com.apple.product-type.application";
		};
/* End PBXNativeTarget section */

/* Begin PBXProject section */
		AE91EBC4243DBC9B0003C3D0 /* Project object */ = {
			isa = PBXProject;
			attributes = {
				LastSwiftUpdateCheck = 1140;
				LastUpgradeCheck = 1140;
				ORGANIZATIONNAME = Yohan;
				TargetAttributes = {
					AE91EBCB243DBC9B0003C3D0 = {
						CreatedOnToolsVersion = 11.4;
					};
				};
			};
			buildConfigurationList = AE91EBC7243DBC9B0003C3D0 /* Build configuration list for PBXProject "task-master" */;
			compatibilityVersion = "Xcode 9.3";
			developmentRegion = en;
			hasScannedForEncodings = 0;
			knownRegions = (
				en,
				Base,
			);
			mainGroup = AE91EBC3243DBC9B0003C3D0;
			productRefGroup = AE91EBCD243DBC9B0003C3D0 /* Products */;
			projectDirPath = "";
			projectRoot = "";
			targets = (
				AE91EBCB243DBC9B0003C3D0 /* task-master */,
			);
		};
/* End PBXProject section */

/* Begin PBXResourcesBuildPhase section */
		AE91EBCA243DBC9B0003C3D0 /* Resources */ = {
			isa = PBXResourcesBuildPhase;
			buildActionMask = 2147483647;
			files = (
				AE91EBDC243DBC9C0003C3D0 /* LaunchScreen.storyboard in Resources */,
				AE91EBD9243DBC9C0003C3D0 /* Assets.xcassets in Resources */,
				AE91EBD7243DBC9B0003C3D0 /* Main.storyboard in Resources */,
			);
			runOnlyForDeploymentPostprocessing = 0;
		};
/* End PBXResourcesBuildPhase section */

/* Begin PBXSourcesBuildPhase section */
		AE91EBC8243DBC9B0003C3D0 /* Sources */ = {
			isa = PBXSourcesBuildPhase;
			buildActionMask = 2147483647;
			files = (
				2DFB809D243F2AFA007B79DF /* ArchivesCellCV.swift in Sources */,
				EAD16DFA243EF9C600B7470D /* EditProfileVC.swift in Sources */,
				9FCC9F77244301DB009FFC13 /* CollaboratorViewController.swift in Sources */,
				AE91EBD4243DBC9B0003C3D0 /* ViewControllerGoal.swift in Sources */,
				2DFB8099243F255C007B79DF /* DecorateCV.swift in Sources */,
				9FCC9F792443031B009FFC13 /* CollaboratorCell.swift in Sources */,
				2DFB809B243F264D007B79DF /* ViewControllerArchives.swift in Sources */,
				F57ECD79243E1F81005FF1B8 /* GoalsCellCollectionViewCell.swift in Sources */,
				2D38B5752441B6F400D9F248 /* AddGoalsVC.swift in Sources */,
				F5E6E5F4243E4ACC00D8A6B6 /* ViewControllerToDo.swift in Sources */,
				AE84B24A243F1C5200E026E8 /* GoalDetailVC.swift in Sources */,
				AE91EBD0243DBC9B0003C3D0 /* AppDelegate.swift in Sources */,
				AE10188C2440F97700DA8319 /* UITextField+InputView.swift in Sources */,
				EAD16DFC243F065800B7470D /* ProfileVC.swift in Sources */,
				AE91EBD2243DBC9B0003C3D0 /* SceneDelegate.swift in Sources */,
			);
			runOnlyForDeploymentPostprocessing = 0;
		};
/* End PBXSourcesBuildPhase section */

/* Begin PBXVariantGroup section */
		AE91EBD5243DBC9B0003C3D0 /* Main.storyboard */ = {
			isa = PBXVariantGroup;
			children = (
				AE91EBD6243DBC9B0003C3D0 /* Base */,
			);
			name = Main.storyboard;
			sourceTree = "<group>";
		};
		AE91EBDA243DBC9C0003C3D0 /* LaunchScreen.storyboard */ = {
			isa = PBXVariantGroup;
			children = (
				AE91EBDB243DBC9C0003C3D0 /* Base */,
			);
			name = LaunchScreen.storyboard;
			sourceTree = "<group>";
		};
/* End PBXVariantGroup section */

/* Begin XCBuildConfiguration section */
		AE91EBDE243DBC9C0003C3D0 /* Debug */ = {
			isa = XCBuildConfiguration;
			buildSettings = {
				ALWAYS_SEARCH_USER_PATHS = NO;
				CLANG_ANALYZER_NONNULL = YES;
				CLANG_ANALYZER_NUMBER_OBJECT_CONVERSION = YES_AGGRESSIVE;
				CLANG_CXX_LANGUAGE_STANDARD = "gnu++14";
				CLANG_CXX_LIBRARY = "libc++";
				CLANG_ENABLE_MODULES = YES;
				CLANG_ENABLE_OBJC_ARC = YES;
				CLANG_ENABLE_OBJC_WEAK = YES;
				CLANG_WARN_BLOCK_CAPTURE_AUTORELEASING = YES;
				CLANG_WARN_BOOL_CONVERSION = YES;
				CLANG_WARN_COMMA = YES;
				CLANG_WARN_CONSTANT_CONVERSION = YES;
				CLANG_WARN_DEPRECATED_OBJC_IMPLEMENTATIONS = YES;
				CLANG_WARN_DIRECT_OBJC_ISA_USAGE = YES_ERROR;
				CLANG_WARN_DOCUMENTATION_COMMENTS = YES;
				CLANG_WARN_EMPTY_BODY = YES;
				CLANG_WARN_ENUM_CONVERSION = YES;
				CLANG_WARN_INFINITE_RECURSION = YES;
				CLANG_WARN_INT_CONVERSION = YES;
				CLANG_WARN_NON_LITERAL_NULL_CONVERSION = YES;
				CLANG_WARN_OBJC_IMPLICIT_RETAIN_SELF = YES;
				CLANG_WARN_OBJC_LITERAL_CONVERSION = YES;
				CLANG_WARN_OBJC_ROOT_CLASS = YES_ERROR;
				CLANG_WARN_RANGE_LOOP_ANALYSIS = YES;
				CLANG_WARN_STRICT_PROTOTYPES = YES;
				CLANG_WARN_SUSPICIOUS_MOVE = YES;
				CLANG_WARN_UNGUARDED_AVAILABILITY = YES_AGGRESSIVE;
				CLANG_WARN_UNREACHABLE_CODE = YES;
				CLANG_WARN__DUPLICATE_METHOD_MATCH = YES;
				COPY_PHASE_STRIP = NO;
				DEBUG_INFORMATION_FORMAT = dwarf;
				ENABLE_STRICT_OBJC_MSGSEND = YES;
				ENABLE_TESTABILITY = YES;
				GCC_C_LANGUAGE_STANDARD = gnu11;
				GCC_DYNAMIC_NO_PIC = NO;
				GCC_NO_COMMON_BLOCKS = YES;
				GCC_OPTIMIZATION_LEVEL = 0;
				GCC_PREPROCESSOR_DEFINITIONS = (
					"DEBUG=1",
					"$(inherited)",
				);
				GCC_WARN_64_TO_32_BIT_CONVERSION = YES;
				GCC_WARN_ABOUT_RETURN_TYPE = YES_ERROR;
				GCC_WARN_UNDECLARED_SELECTOR = YES;
				GCC_WARN_UNINITIALIZED_AUTOS = YES_AGGRESSIVE;
				GCC_WARN_UNUSED_FUNCTION = YES;
				GCC_WARN_UNUSED_VARIABLE = YES;
				IPHONEOS_DEPLOYMENT_TARGET = 13.4;
				MTL_ENABLE_DEBUG_INFO = INCLUDE_SOURCE;
				MTL_FAST_MATH = YES;
				ONLY_ACTIVE_ARCH = YES;
				SDKROOT = iphoneos;
				SWIFT_ACTIVE_COMPILATION_CONDITIONS = DEBUG;
				SWIFT_OPTIMIZATION_LEVEL = "-Onone";
			};
			name = Debug;
		};
		AE91EBDF243DBC9C0003C3D0 /* Release */ = {
			isa = XCBuildConfiguration;
			buildSettings = {
				ALWAYS_SEARCH_USER_PATHS = NO;
				CLANG_ANALYZER_NONNULL = YES;
				CLANG_ANALYZER_NUMBER_OBJECT_CONVERSION = YES_AGGRESSIVE;
				CLANG_CXX_LANGUAGE_STANDARD = "gnu++14";
				CLANG_CXX_LIBRARY = "libc++";
				CLANG_ENABLE_MODULES = YES;
				CLANG_ENABLE_OBJC_ARC = YES;
				CLANG_ENABLE_OBJC_WEAK = YES;
				CLANG_WARN_BLOCK_CAPTURE_AUTORELEASING = YES;
				CLANG_WARN_BOOL_CONVERSION = YES;
				CLANG_WARN_COMMA = YES;
				CLANG_WARN_CONSTANT_CONVERSION = YES;
				CLANG_WARN_DEPRECATED_OBJC_IMPLEMENTATIONS = YES;
				CLANG_WARN_DIRECT_OBJC_ISA_USAGE = YES_ERROR;
				CLANG_WARN_DOCUMENTATION_COMMENTS = YES;
				CLANG_WARN_EMPTY_BODY = YES;
				CLANG_WARN_ENUM_CONVERSION = YES;
				CLANG_WARN_INFINITE_RECURSION = YES;
				CLANG_WARN_INT_CONVERSION = YES;
				CLANG_WARN_NON_LITERAL_NULL_CONVERSION = YES;
				CLANG_WARN_OBJC_IMPLICIT_RETAIN_SELF = YES;
				CLANG_WARN_OBJC_LITERAL_CONVERSION = YES;
				CLANG_WARN_OBJC_ROOT_CLASS = YES_ERROR;
				CLANG_WARN_RANGE_LOOP_ANALYSIS = YES;
				CLANG_WARN_STRICT_PROTOTYPES = YES;
				CLANG_WARN_SUSPICIOUS_MOVE = YES;
				CLANG_WARN_UNGUARDED_AVAILABILITY = YES_AGGRESSIVE;
				CLANG_WARN_UNREACHABLE_CODE = YES;
				CLANG_WARN__DUPLICATE_METHOD_MATCH = YES;
				COPY_PHASE_STRIP = NO;
				DEBUG_INFORMATION_FORMAT = "dwarf-with-dsym";
				ENABLE_NS_ASSERTIONS = NO;
				ENABLE_STRICT_OBJC_MSGSEND = YES;
				GCC_C_LANGUAGE_STANDARD = gnu11;
				GCC_NO_COMMON_BLOCKS = YES;
				GCC_WARN_64_TO_32_BIT_CONVERSION = YES;
				GCC_WARN_ABOUT_RETURN_TYPE = YES_ERROR;
				GCC_WARN_UNDECLARED_SELECTOR = YES;
				GCC_WARN_UNINITIALIZED_AUTOS = YES_AGGRESSIVE;
				GCC_WARN_UNUSED_FUNCTION = YES;
				GCC_WARN_UNUSED_VARIABLE = YES;
				IPHONEOS_DEPLOYMENT_TARGET = 13.4;
				MTL_ENABLE_DEBUG_INFO = NO;
				MTL_FAST_MATH = YES;
				SDKROOT = iphoneos;
				SWIFT_COMPILATION_MODE = wholemodule;
				SWIFT_OPTIMIZATION_LEVEL = "-O";
				VALIDATE_PRODUCT = YES;
			};
			name = Release;
		};
		AE91EBE1243DBC9C0003C3D0 /* Debug */ = {
			isa = XCBuildConfiguration;
			buildSettings = {
				ASSETCATALOG_COMPILER_APPICON_NAME = AppIcon;
				CODE_SIGN_STYLE = Automatic;
				DEVELOPMENT_TEAM = SC3ZS2Y968;
				INFOPLIST_FILE = "task-master/Info.plist";
				IPHONEOS_DEPLOYMENT_TARGET = 13.1;
				LD_RUNPATH_SEARCH_PATHS = (
					"$(inherited)",
					"@executable_path/Frameworks",
				);
				PRODUCT_BUNDLE_IDENTIFIER = "yohan.task-master";
				PRODUCT_NAME = "$(TARGET_NAME)";
				SWIFT_VERSION = 5.0;
				TARGETED_DEVICE_FAMILY = "1,2";
			};
			name = Debug;
		};
		AE91EBE2243DBC9C0003C3D0 /* Release */ = {
			isa = XCBuildConfiguration;
			buildSettings = {
				ASSETCATALOG_COMPILER_APPICON_NAME = AppIcon;
				CODE_SIGN_STYLE = Automatic;
				DEVELOPMENT_TEAM = SC3ZS2Y968;
				INFOPLIST_FILE = "task-master/Info.plist";
				IPHONEOS_DEPLOYMENT_TARGET = 13.1;
				LD_RUNPATH_SEARCH_PATHS = (
					"$(inherited)",
					"@executable_path/Frameworks",
				);
				PRODUCT_BUNDLE_IDENTIFIER = "yohan.task-master";
				PRODUCT_NAME = "$(TARGET_NAME)";
				SWIFT_VERSION = 5.0;
				TARGETED_DEVICE_FAMILY = "1,2";
			};
			name = Release;
		};
/* End XCBuildConfiguration section */

/* Begin XCConfigurationList section */
		AE91EBC7243DBC9B0003C3D0 /* Build configuration list for PBXProject "task-master" */ = {
			isa = XCConfigurationList;
			buildConfigurations = (
				AE91EBDE243DBC9C0003C3D0 /* Debug */,
				AE91EBDF243DBC9C0003C3D0 /* Release */,
			);
			defaultConfigurationIsVisible = 0;
			defaultConfigurationName = Release;
		};
		AE91EBE0243DBC9C0003C3D0 /* Build configuration list for PBXNativeTarget "task-master" */ = {
			isa = XCConfigurationList;
			buildConfigurations = (
				AE91EBE1243DBC9C0003C3D0 /* Debug */,
				AE91EBE2243DBC9C0003C3D0 /* Release */,
			);
			defaultConfigurationIsVisible = 0;
			defaultConfigurationName = Release;
		};
/* End XCConfigurationList section */
	};
	rootObject = AE91EBC4243DBC9B0003C3D0 /* Project object */;
}
